{
  "name": "@chax-at/fast-prisma-testing",
  "version": "0.1.0",
  "lockfileVersion": 2,
  "requires": true,
  "packages": {
    "": {
      "name": "@chax-at/fast-prisma-testing",
      "version": "0.1.0",
      "license": "UNLICENSED",
      "devDependencies": {
        "@types/node": "^16.11.26",
        "prisma": "^3.13.0",
        "typescript": "^4.6.2"
      },
      "peerDependencies": {
        "@prisma/client": "^2.29.0 || 3"
      }
    },
    "node_modules/@prisma/client": {
      "version": "3.13.0",
      "resolved": "https://registry.npmjs.org/@prisma/client/-/client-3.13.0.tgz",
      "integrity": "sha512-lnEA2tTyVbO5mS1ehmHJQKBDiKB8shaR6s3azwj3Azfi5XHIfnqmkolLCvUeFYnkDCNVzGXJpUgKwQt/UOOYVQ==",
      "hasInstallScript": true,
      "peer": true,
      "dependencies": {
        "@prisma/engines-version": "3.13.0-17.efdf9b1183dddfd4258cd181a72125755215ab7b"
      },
      "engines": {
        "node": ">=12.6"
      },
      "peerDependencies": {
        "prisma": "*"
      },
      "peerDependenciesMeta": {
        "prisma": {
          "optional": true
        }
      }
    },
    "node_modules/@prisma/engines": {
      "version": "3.13.0-17.efdf9b1183dddfd4258cd181a72125755215ab7b",
      "resolved": "https://registry.npmjs.org/@prisma/engines/-/engines-3.13.0-17.efdf9b1183dddfd4258cd181a72125755215ab7b.tgz",
      "integrity": "sha512-Ip9CcCeUocH61eXu4BUGpvl5KleQyhcUVLpWCv+0ZmDv44bFaDpREqjGHHdRupvPN/ugB6gTlD9b9ewdj02yVA==",
      "devOptional": true,
      "hasInstallScript": true
    },
    "node_modules/@prisma/engines-version": {
      "version": "3.13.0-17.efdf9b1183dddfd4258cd181a72125755215ab7b",
      "resolved": "https://registry.npmjs.org/@prisma/engines-version/-/engines-version-3.13.0-17.efdf9b1183dddfd4258cd181a72125755215ab7b.tgz",
      "integrity": "sha512-TGp9rvgJIKo8NgvAHSwOosbut9mTA7VC6/rpQI9gh+ySSRjdQFhbGyNUiOcQrlI9Ob2DWeO7y4HEnhdKxYiECg==",
      "peer": true
    },
    "node_modules/@types/node": {
      "version": "16.11.33",
      "resolved": "https://registry.npmjs.org/@types/node/-/node-16.11.33.tgz",
      "integrity": "sha512-0PJ0vg+JyU0MIan58IOIFRtSvsb7Ri+7Wltx2qAg94eMOrpg4+uuP3aUHCpxXc1i0jCXiC+zIamSZh3l9AbcQA==",
      "dev": true
    },
    "node_modules/prisma": {
      "version": "3.13.0",
      "resolved": "https://registry.npmjs.org/prisma/-/prisma-3.13.0.tgz",
      "integrity": "sha512-oO1auBnBtieGdiN+57IgsA9Vr7Sy4HkILi1KSaUG4mpKfEbnkTGnLOxAqjLed+K2nsG/GtE1tJBtB7JxN1a78Q==",
      "devOptional": true,
      "hasInstallScript": true,
      "dependencies": {
        "@prisma/engines": "3.13.0-17.efdf9b1183dddfd4258cd181a72125755215ab7b",
        "ts-pattern": "^4.0.1"
      },
      "bin": {
        "prisma": "build/index.js",
        "prisma2": "build/index.js"
      },
      "engines": {
        "node": ">=12.6"
      }
    },
    "node_modules/ts-pattern": {
      "version": "4.0.2",
      "resolved": "https://registry.npmjs.org/ts-pattern/-/ts-pattern-4.0.2.tgz",
      "integrity": "sha512-eHqR/7A6fcw05vCOfnL6RwgGJbVi9G/YHTdYdjYmElhDdJ1SMn7pWs+6+YuxygaFwQS/g+cIDlu+UD8IVpur1A==",
      "devOptional": true
    },
    "node_modules/typescript": {
      "version": "4.6.4",
      "resolved": "https://registry.npmjs.org/typescript/-/typescript-4.6.4.tgz",
      "integrity": "sha512-9ia/jWHIEbo49HfjrLGfKbZSuWo9iTMwXO+Ca3pRsSpbsMbc7/IU8NKdCZVRRBafVPGnoJeFL76ZOAA84I9fEg==",
      "dev": true,
      "bin": {
        "tsc": "bin/tsc",
        "tsserver": "bin/tsserver"
      },
      "engines": {
        "node": ">=4.2.0"
      }
    }
  },
  "dependencies": {
    "@prisma/client": {
      "version": "3.13.0",
      "resolved": "https://registry.npmjs.org/@prisma/client/-/client-3.13.0.tgz",
      "integrity": "sha512-lnEA2tTyVbO5mS1ehmHJQKBDiKB8shaR6s3azwj3Azfi5XHIfnqmkolLCvUeFYnkDCNVzGXJpUgKwQt/UOOYVQ==",
      "peer": true,
      "requires": {
        "@prisma/engines-version": "3.13.0-17.efdf9b1183dddfd4258cd181a72125755215ab7b"
      }
    },
    "@prisma/engines": {
      "version": "3.13.0-17.efdf9b1183dddfd4258cd181a72125755215ab7b",
      "resolved": "https://registry.npmjs.org/@prisma/engines/-/engines-3.13.0-17.efdf9b1183dddfd4258cd181a72125755215ab7b.tgz",
      "integrity": "sha512-Ip9CcCeUocH61eXu4BUGpvl5KleQyhcUVLpWCv+0ZmDv44bFaDpREqjGHHdRupvPN/ugB6gTlD9b9ewdj02yVA==",
      "devOptional": true
    },
    "@prisma/engines-version": {
      "version": "3.13.0-17.efdf9b1183dddfd4258cd181a72125755215ab7b",
      "resolved": "https://registry.npmjs.org/@prisma/engines-version/-/engines-version-3.13.0-17.efdf9b1183dddfd4258cd181a72125755215ab7b.tgz",
      "integrity": "sha512-TGp9rvgJIKo8NgvAHSwOosbut9mTA7VC6/rpQI9gh+ySSRjdQFhbGyNUiOcQrlI9Ob2DWeO7y4HEnhdKxYiECg==",
      "peer": true
    },
    "@types/node": {
      "version": "16.11.33",
      "resolved": "https://registry.npmjs.org/@types/node/-/node-16.11.33.tgz",
      "integrity": "sha512-0PJ0vg+JyU0MIan58IOIFRtSvsb7Ri+7Wltx2qAg94eMOrpg4+uuP3aUHCpxXc1i0jCXiC+zIamSZh3l9AbcQA==",
      "dev": true
    },
    "prisma": {
      "version": "3.13.0",
      "resolved": "https://registry.npmjs.org/prisma/-/prisma-3.13.0.tgz",
      "integrity": "sha512-oO1auBnBtieGdiN+57IgsA9Vr7Sy4HkILi1KSaUG4mpKfEbnkTGnLOxAqjLed+K2nsG/GtE1tJBtB7JxN1a78Q==",
      "devOptional": true,
      "requires": {
        "@prisma/engines": "3.13.0-17.efdf9b1183dddfd4258cd181a72125755215ab7b",
        "ts-pattern": "^4.0.1"
      }
    },
    "ts-pattern": {
      "version": "4.0.2",
      "resolved": "https://registry.npmjs.org/ts-pattern/-/ts-pattern-4.0.2.tgz",
      "integrity": "sha512-eHqR/7A6fcw05vCOfnL6RwgGJbVi9G/YHTdYdjYmElhDdJ1SMn7pWs+6+YuxygaFwQS/g+cIDlu+UD8IVpur1A==",
      "devOptional": true
    },
    "typescript": {
      "version": "4.6.4",
      "resolved": "https://registry.npmjs.org/typescript/-/typescript-4.6.4.tgz",
      "integrity": "sha512-9ia/jWHIEbo49HfjrLGfKbZSuWo9iTMwXO+Ca3pRsSpbsMbc7/IU8NKdCZVRRBafVPGnoJeFL76ZOAA84I9fEg==",
      "dev": true
    }
  }
}
