{
  "name": "@chax-at/transactional-prisma-testing",
  "version": "1.2.0-broader-types.1",
  "lockfileVersion": 3,
  "requires": true,
  "packages": {
    "": {
      "name": "@chax-at/transactional-prisma-testing",
      "version": "1.2.0-broader-types.1",
      "license": "MIT",
      "devDependencies": {
        "@types/node": "^18.15.3",
        "prisma": "^5.7.1",
        "typescript": "^5.3.3"
      },
      "engines": {
        "node": ">= 14"
      },
      "peerDependencies": {
        "@prisma/client": "^4.7.0 || 5"
      }
    },
    "node_modules/@prisma/client": {
      "version": "5.14.0",
      "resolved": "https://registry.npmjs.org/@prisma/client/-/client-5.14.0.tgz",
      "integrity": "sha512-akMSuyvLKeoU4LeyBAUdThP/uhVP3GuLygFE3MlYzaCb3/J8SfsYBE5PkaFuLuVpLyA6sFoW+16z/aPhNAESqg==",
      "hasInstallScript": true,
      "peer": true,
      "engines": {
        "node": ">=16.13"
      },
      "peerDependencies": {
        "prisma": "*"
      },
      "peerDependenciesMeta": {
        "prisma": {
          "optional": true
        }
      }
    },
    "node_modules/@prisma/debug": {
      "version": "5.14.0",
      "resolved": "https://registry.npmjs.org/@prisma/debug/-/debug-5.14.0.tgz",
      "integrity": "sha512-iq56qBZuFfX3fCxoxT8gBX33lQzomBU0qIUaEj1RebsKVz1ob/BVH1XSBwwwvRVtZEV1b7Fxx2eVu34Ge/mg3w==",
      "devOptional": true
    },
    "node_modules/@prisma/engines": {
      "version": "5.14.0",
      "resolved": "https://registry.npmjs.org/@prisma/engines/-/engines-5.14.0.tgz",
      "integrity": "sha512-lgxkKZ6IEygVcw6IZZUlPIfLQ9hjSYAtHjZ5r64sCLDgVzsPFCi2XBBJgzPMkOQ5RHzUD4E/dVdpn9+ez8tk1A==",
      "devOptional": true,
      "hasInstallScript": true,
      "dependencies": {
        "@prisma/debug": "5.14.0",
        "@prisma/engines-version": "5.14.0-25.e9771e62de70f79a5e1c604a2d7c8e2a0a874b48",
        "@prisma/fetch-engine": "5.14.0",
        "@prisma/get-platform": "5.14.0"
      }
    },
    "node_modules/@prisma/engines-version": {
      "version": "5.14.0-25.e9771e62de70f79a5e1c604a2d7c8e2a0a874b48",
      "resolved": "https://registry.npmjs.org/@prisma/engines-version/-/engines-version-5.14.0-25.e9771e62de70f79a5e1c604a2d7c8e2a0a874b48.tgz",
      "integrity": "sha512-ip6pNkRo1UxWv+6toxNcYvItNYaqQjXdFNGJ+Nuk2eYtRoEdoF13wxo7/jsClJFFenMPVNVqXQDV0oveXnR1cA==",
      "devOptional": true
    },
    "node_modules/@prisma/fetch-engine": {
      "version": "5.14.0",
      "resolved": "https://registry.npmjs.org/@prisma/fetch-engine/-/fetch-engine-5.14.0.tgz",
      "integrity": "sha512-VrheA9y9DMURK5vu8OJoOgQpxOhas3qF0IBHJ8G/0X44k82kc8E0w98HCn2nhnbOOMwbWsJWXfLC2/F8n5u0gQ==",
      "devOptional": true,
      "dependencies": {
        "@prisma/debug": "5.14.0",
        "@prisma/engines-version": "5.14.0-25.e9771e62de70f79a5e1c604a2d7c8e2a0a874b48",
        "@prisma/get-platform": "5.14.0"
      }
    },
    "node_modules/@prisma/get-platform": {
      "version": "5.14.0",
      "resolved": "https://registry.npmjs.org/@prisma/get-platform/-/get-platform-5.14.0.tgz",
      "integrity": "sha512-/yAyBvcEjRv41ynZrhdrPtHgk47xLRRq/o5eWGcUpBJ1YrUZTYB8EoPiopnP7iQrMATK8stXQdPOoVlrzuTQZw==",
      "devOptional": true,
      "dependencies": {
        "@prisma/debug": "5.14.0"
      }
    },
    "node_modules/@types/node": {
      "version": "18.19.33",
      "resolved": "https://registry.npmjs.org/@types/node/-/node-18.19.33.tgz",
      "integrity": "sha512-NR9+KrpSajr2qBVp/Yt5TU/rp+b5Mayi3+OlMlcg2cVCfRmcG5PWZ7S4+MG9PZ5gWBoc9Pd0BKSRViuBCRPu0A==",
      "dev": true,
      "dependencies": {
        "undici-types": "~5.26.4"
      }
    },
    "node_modules/prisma": {
      "version": "5.14.0",
      "resolved": "https://registry.npmjs.org/prisma/-/prisma-5.14.0.tgz",
      "integrity": "sha512-gCNZco7y5XtjrnQYeDJTiVZmT/ncqCr5RY1/Cf8X2wgLRmyh9ayPAGBNziI4qEE4S6SxCH5omQLVo9lmURaJ/Q==",
      "devOptional": true,
      "hasInstallScript": true,
      "dependencies": {
        "@prisma/engines": "5.14.0"
      },
      "bin": {
        "prisma": "build/index.js"
      },
      "engines": {
        "node": ">=16.13"
      }
    },
    "node_modules/typescript": {
      "version": "5.4.5",
      "resolved": "https://registry.npmjs.org/typescript/-/typescript-5.4.5.tgz",
      "integrity": "sha512-vcI4UpRgg81oIRUFwR0WSIHKt11nJ7SAVlYNIu+QpqeyXP+gpQJy/Z4+F0aGxSE4MqwjyXvW/TzgkLAx2AGHwQ==",
      "dev": true,
      "bin": {
        "tsc": "bin/tsc",
        "tsserver": "bin/tsserver"
      },
      "engines": {
        "node": ">=14.17"
      }
    },
    "node_modules/undici-types": {
      "version": "5.26.5",
      "resolved": "https://registry.npmjs.org/undici-types/-/undici-types-5.26.5.tgz",
      "integrity": "sha512-JlCMO+ehdEIKqlFxk6IfVoAUVmgz7cU7zD/h9XZ0qzeosSHmUJVOzSQvvYSYWXkFXC+IfLKSIffhv0sVZup6pA==",
      "dev": true
    }
  }
}
